
Microsoft Visual Studio Solution File, Format Version 12.00
# Visual Studio Version 17
VisualStudioVersion = 17.6.33829.357
MinimumVisualStudioVersion = 10.0.40219.1
Project("{9A19103F-16F7-4668-BE54-9A1E7A4F7556}") = "OneConsoleDemo", "OneConsoleDemo\OneConsoleDemo.csproj", "{F3AC6982-7CD2-4C4A-9D36-69DDCD3F69C3}"
EndProject
Project("{9A19103F-16F7-4668-BE54-9A1E7A4F7556}") = "MeadowCommonLib", "MeadowLibrary\MeadowCommonLib.csproj", "{7F262B09-AFF1-4ED8-812C-4730E9F2DDB6}"
EndProject
Project("{FAE04EC0-301F-11D3-BF4B-00C04F79EFBC}") = "TwoConsolesDemo", "TwoConsolesDemo\TwoConsolesDemo.csproj", "{4E9CD47B-D0EA-4835-9ADC-3E8ACF5FD447}"
EndProject
Project("{FAE04EC0-301F-11D3-BF4B-00C04F79EFBC}") = "ThreeConsolesDemo", "ThreeConsolesDemo\ThreeConsolesDemo.csproj", "{E353360A-B2D1-4C37-9323-900140804160}"
EndProject
Global
	GlobalSection(SolutionConfigurationPlatforms) = preSolution
		Debug|Any CPU = Debug|Any CPU
		Release|Any CPU = Release|Any CPU
	EndGlobalSection
	GlobalSection(ProjectConfigurationPlatforms) = postSolution
		{F3AC6982-7CD2-4C4A-9D36-69DDCD3F69C3}.Debug|Any CPU.ActiveCfg = Debug|Any CPU
		{F3AC6982-7CD2-4C4A-9D36-69DDCD3F69C3}.Debug|Any CPU.Build.0 = Debug|Any CPU
		{F3AC6982-7CD2-4C4A-9D36-69DDCD3F69C3}.Debug|Any CPU.Deploy.0 = Debug|Any CPU
		{F3AC6982-7CD2-4C4A-9D36-69DDCD3F69C3}.Release|Any CPU.ActiveCfg = Release|Any CPU
		{F3AC6982-7CD2-4C4A-9D36-69DDCD3F69C3}.Release|Any CPU.Build.0 = Release|Any CPU
		{F3AC6982-7CD2-4C4A-9D36-69DDCD3F69C3}.Release|Any CPU.Deploy.0 = Release|Any CPU
		{7F262B09-AFF1-4ED8-812C-4730E9F2DDB6}.Debug|Any CPU.ActiveCfg = Debug|Any CPU
		{7F262B09-AFF1-4ED8-812C-4730E9F2DDB6}.Debug|Any CPU.Build.0 = Debug|Any CPU
		{7F262B09-AFF1-4ED8-812C-4730E9F2DDB6}.Debug|Any CPU.Deploy.0 = Debug|Any CPU
		{7F262B09-AFF1-4ED8-812C-4730E9F2DDB6}.Release|Any CPU.ActiveCfg = Release|Any CPU
		{7F262B09-AFF1-4ED8-812C-4730E9F2DDB6}.Release|Any CPU.Build.0 = Release|Any CPU
		{7F262B09-AFF1-4ED8-812C-4730E9F2DDB6}.Release|Any CPU.Deploy.0 = Release|Any CPU
		{4E9CD47B-D0EA-4835-9ADC-3E8ACF5FD447}.Debug|Any CPU.ActiveCfg = Debug|Any CPU
		{4E9CD47B-D0EA-4835-9ADC-3E8ACF5FD447}.Debug|Any CPU.Build.0 = Debug|Any CPU
		{4E9CD47B-D0EA-4835-9ADC-3E8ACF5FD447}.Debug|Any CPU.Deploy.0 = Debug|Any CPU
		{4E9CD47B-D0EA-4835-9ADC-3E8ACF5FD447}.Release|Any CPU.ActiveCfg = Release|Any CPU
		{4E9CD47B-D0EA-4835-9ADC-3E8ACF5FD447}.Release|Any CPU.Build.0 = Release|Any CPU
		{4E9CD47B-D0EA-4835-9ADC-3E8ACF5FD447}.Release|Any CPU.Deploy.0 = Release|Any CPU
		{E353360A-B2D1-4C37-9323-900140804160}.Debug|Any CPU.ActiveCfg = Debug|Any CPU
		{E353360A-B2D1-4C37-9323-900140804160}.Debug|Any CPU.Build.0 = Debug|Any CPU
		{E353360A-B2D1-4C37-9323-900140804160}.Debug|Any CPU.Deploy.0 = Debug|Any CPU
		{E353360A-B2D1-4C37-9323-900140804160}.Release|Any CPU.ActiveCfg = Release|Any CPU
		{E353360A-B2D1-4C37-9323-900140804160}.Release|Any CPU.Build.0 = Release|Any CPU
		{E353360A-B2D1-4C37-9323-900140804160}.Release|Any CPU.Deploy.0 = Release|Any CPU
	EndGlobalSection
	GlobalSection(SolutionProperties) = preSolution
		HideSolutionNode = FALSE
	EndGlobalSection
	GlobalSection(ExtensibilityGlobals) = postSolution
		SolutionGuid = {BFD4D8D2-764E-4F49-AF2B-1F7BB30BD5AD}
	EndGlobalSection
EndGlobal
